
Microsoft Visual Studio Solution File, Format Version 12.00
# Visual Studio Version 17
VisualStudioVersion = 17.7.34024.191
MinimumVisualStudioVersion = 10.0.40219.1
Project("{FAE04EC0-301F-11D3-BF4B-00C04F79EFBC}") = "Chat.Client", "Chat.Client.csproj", "{47FFB056-B6A9-4969-8CF8-7596F7E3CCE7}"
EndProject
Project("{FAE04EC0-301F-11D3-BF4B-00C04F79EFBC}") = "Chat.Server", "..\Chat.Server\Chat.Server.csproj", "{7F7E1CAF-FC13-4D4B-8699-5D6AFDED4604}"
EndProject
Global
	GlobalSection(SolutionConfigurationPlatforms) = preSolution
		Debug|Any CPU = Debug|Any CPU
		Release|Any CPU = Release|Any CPU
	EndGlobalSection
	GlobalSection(ProjectConfigurationPlatforms) = postSolution
		{47FFB056-B6A9-4969-8CF8-7596F7E3CCE7}.Debug|Any CPU.ActiveCfg = Debug|Any CPU
		{47FFB056-B6A9-4969-8CF8-7596F7E3CCE7}.Debug|Any CPU.Build.0 = Debug|Any CPU
		{47FFB056-B6A9-4969-8CF8-7596F7E3CCE7}.Release|Any CPU.ActiveCfg = Release|Any CPU
		{47FFB056-B6A9-4969-8CF8-7596F7E3CCE7}.Release|Any CPU.Build.0 = Release|Any CPU
		{7F7E1CAF-FC13-4D4B-8699-5D6AFDED4604}.Debug|Any CPU.ActiveCfg = Debug|Any CPU
		{7F7E1CAF-FC13-4D4B-8699-5D6AFDED4604}.Debug|Any CPU.Build.0 = Debug|Any CPU
		{7F7E1CAF-FC13-4D4B-8699-5D6AFDED4604}.Release|Any CPU.ActiveCfg = Release|Any CPU
		{7F7E1CAF-FC13-4D4B-8699-5D6AFDED4604}.Release|Any CPU.Build.0 = Release|Any CPU
	EndGlobalSection
	GlobalSection(SolutionProperties) = preSolution
		HideSolutionNode = FALSE
	EndGlobalSection
	GlobalSection(ExtensibilityGlobals) = postSolution
		SolutionGuid = {2532CAF4-987C-4887-828A-59093DD707B1}
	EndGlobalSection
EndGlobal
